
Microsoft Visual Studio Solution File, Format Version 12.00
# Visual Studio 15
VisualStudioVersion = 15.0.26730.16
MinimumVisualStudioVersion = 10.0.40219.1
Project("{9A19103F-16F7-4668-BE54-9A1E7A4F7556}") = "IntNovAction.Utils.A3Exporter", "IntNovAction.Utils.A3Exporter\IntNovAction.Utils.A3Exporter.csproj", "{98A0B6CC-75CC-48AA-9276-D86865D58943}"
EndProject
Project("{9A19103F-16F7-4668-BE54-9A1E7A4F7556}") = "IntNovAction.Utils.A3Exporter.InternalTests", "IntNovAction.Utils.A3Exporter.InternalTests\IntNovAction.Utils.A3Exporter.InternalTests.csproj", "{E7261864-2B61-4234-97B4-D4D30B53243E}"
EndProject
Project("{9A19103F-16F7-4668-BE54-9A1E7A4F7556}") = "IntNovAction.Utils.A3Exporter.Tests", "IntNovAction.Utils.A3Exporter.Tests\IntNovAction.Utils.A3Exporter.Tests.csproj", "{D2AA3928-DD72-4B69-8234-5EBD06072EEC}"
EndProject
Project("{2150E333-8FDC-42A3-9474-1A3956D46DE8}") = "Items", "Items", "{F1C4420C-3937-4B03-8326-52229EC082E9}"
	ProjectSection(SolutionItems) = preProject
		LICENSE = LICENSE
		README.md = README.md
	EndProjectSection
EndProject
Global
	GlobalSection(SolutionConfigurationPlatforms) = preSolution
		Debug|Any CPU = Debug|Any CPU
		Release|Any CPU = Release|Any CPU
	EndGlobalSection
	GlobalSection(ProjectConfigurationPlatforms) = postSolution
		{98A0B6CC-75CC-48AA-9276-D86865D58943}.Debug|Any CPU.ActiveCfg = Debug|Any CPU
		{98A0B6CC-75CC-48AA-9276-D86865D58943}.Debug|Any CPU.Build.0 = Debug|Any CPU
		{98A0B6CC-75CC-48AA-9276-D86865D58943}.Release|Any CPU.ActiveCfg = Release|Any CPU
		{98A0B6CC-75CC-48AA-9276-D86865D58943}.Release|Any CPU.Build.0 = Release|Any CPU
		{E7261864-2B61-4234-97B4-D4D30B53243E}.Debug|Any CPU.ActiveCfg = Debug|Any CPU
		{E7261864-2B61-4234-97B4-D4D30B53243E}.Debug|Any CPU.Build.0 = Debug|Any CPU
		{E7261864-2B61-4234-97B4-D4D30B53243E}.Release|Any CPU.ActiveCfg = Release|Any CPU
		{E7261864-2B61-4234-97B4-D4D30B53243E}.Release|Any CPU.Build.0 = Release|Any CPU
		{D2AA3928-DD72-4B69-8234-5EBD06072EEC}.Debug|Any CPU.ActiveCfg = Debug|Any CPU
		{D2AA3928-DD72-4B69-8234-5EBD06072EEC}.Debug|Any CPU.Build.0 = Debug|Any CPU
		{D2AA3928-DD72-4B69-8234-5EBD06072EEC}.Release|Any CPU.ActiveCfg = Release|Any CPU
		{D2AA3928-DD72-4B69-8234-5EBD06072EEC}.Release|Any CPU.Build.0 = Release|Any CPU
	EndGlobalSection
	GlobalSection(SolutionProperties) = preSolution
		HideSolutionNode = FALSE
	EndGlobalSection
	GlobalSection(ExtensibilityGlobals) = postSolution
		SolutionGuid = {AB386EE7-7DA1-4E5D-8FE3-A0E3A29E09A2}
	EndGlobalSection
EndGlobal
